
Microsoft Visual Studio Solution File, Format Version 12.00
# Visual Studio Version 17
VisualStudioVersion = 17.5.33627.172
MinimumVisualStudioVersion = 10.0.40219.1
Project("{9A19103F-16F7-4668-BE54-9A1E7A4F7556}") = "GarageDoorMonitor", "GarageDoorMonitor\GarageDoorMonitor.csproj", "{B24ABD4B-A49B-4F23-A772-770BA6E82D9A}"
EndProject
Project("{9A19103F-16F7-4668-BE54-9A1E7A4F7556}") = "GarageDoorServices", "GarageDoorServices\GarageDoorServices.csproj", "{A2BF4A96-B6A8-4E01-B1BC-90E4E1E1F404}"
EndProject
Project("{9A19103F-16F7-4668-BE54-9A1E7A4F7556}") = "Tests", "Tests\Tests.csproj", "{39790C0E-06E8-4C72-8365-111B7BBC1378}"
EndProject
Project("{9A19103F-16F7-4668-BE54-9A1E7A4F7556}") = "GarageDoorNotifier", "GarageDoorNotifier\GarageDoorNotifier.csproj", "{1AEE2A5F-A163-43E9-AC53-89B9803C521F}"
EndProject
Global
	GlobalSection(SolutionConfigurationPlatforms) = preSolution
		Debug|Any CPU = Debug|Any CPU
		Release|Any CPU = Release|Any CPU
	EndGlobalSection
	GlobalSection(ProjectConfigurationPlatforms) = postSolution
		{B24ABD4B-A49B-4F23-A772-770BA6E82D9A}.Debug|Any CPU.ActiveCfg = Debug|Any CPU
		{B24ABD4B-A49B-4F23-A772-770BA6E82D9A}.Debug|Any CPU.Build.0 = Debug|Any CPU
		{B24ABD4B-A49B-4F23-A772-770BA6E82D9A}.Release|Any CPU.ActiveCfg = Release|Any CPU
		{B24ABD4B-A49B-4F23-A772-770BA6E82D9A}.Release|Any CPU.Build.0 = Release|Any CPU
		{A2BF4A96-B6A8-4E01-B1BC-90E4E1E1F404}.Debug|Any CPU.ActiveCfg = Debug|Any CPU
		{A2BF4A96-B6A8-4E01-B1BC-90E4E1E1F404}.Debug|Any CPU.Build.0 = Debug|Any CPU
		{A2BF4A96-B6A8-4E01-B1BC-90E4E1E1F404}.Release|Any CPU.ActiveCfg = Release|Any CPU
		{A2BF4A96-B6A8-4E01-B1BC-90E4E1E1F404}.Release|Any CPU.Build.0 = Release|Any CPU
		{39790C0E-06E8-4C72-8365-111B7BBC1378}.Debug|Any CPU.ActiveCfg = Debug|Any CPU
		{39790C0E-06E8-4C72-8365-111B7BBC1378}.Debug|Any CPU.Build.0 = Debug|Any CPU
		{39790C0E-06E8-4C72-8365-111B7BBC1378}.Release|Any CPU.ActiveCfg = Release|Any CPU
		{39790C0E-06E8-4C72-8365-111B7BBC1378}.Release|Any CPU.Build.0 = Release|Any CPU
		{1AEE2A5F-A163-43E9-AC53-89B9803C521F}.Debug|Any CPU.ActiveCfg = Debug|Any CPU
		{1AEE2A5F-A163-43E9-AC53-89B9803C521F}.Debug|Any CPU.Build.0 = Debug|Any CPU
		{1AEE2A5F-A163-43E9-AC53-89B9803C521F}.Release|Any CPU.ActiveCfg = Release|Any CPU
		{1AEE2A5F-A163-43E9-AC53-89B9803C521F}.Release|Any CPU.Build.0 = Release|Any CPU
	EndGlobalSection
	GlobalSection(SolutionProperties) = preSolution
		HideSolutionNode = FALSE
	EndGlobalSection
	GlobalSection(ExtensibilityGlobals) = postSolution
		SolutionGuid = {B0AB183E-1735-4B19-B864-036670DCE99F}
	EndGlobalSection
EndGlobal
